
Microsoft Visual Studio Solution File, Format Version 12.00
# Visual Studio 15
VisualStudioVersion = 15.0.27130.2010
MinimumVisualStudioVersion = 10.0.40219.1
Project("{FAE04EC0-301F-11D3-BF4B-00C04F79EFBC}") = "LigaAc2018", "LigaAc2018\LigaAc2018.csproj", "{FC1DBEF0-9CB5-472C-8A48-738EE60A0829}"
EndProject
Global
	GlobalSection(SolutionConfigurationPlatforms) = preSolution
		Debug|Any CPU = Debug|Any CPU
		Release|Any CPU = Release|Any CPU
	EndGlobalSection
	GlobalSection(ProjectConfigurationPlatforms) = postSolution
		{FC1DBEF0-9CB5-472C-8A48-738EE60A0829}.Debug|Any CPU.ActiveCfg = Debug|Any CPU
		{FC1DBEF0-9CB5-472C-8A48-738EE60A0829}.Debug|Any CPU.Build.0 = Debug|Any CPU
		{FC1DBEF0-9CB5-472C-8A48-738EE60A0829}.Release|Any CPU.ActiveCfg = Release|Any CPU
		{FC1DBEF0-9CB5-472C-8A48-738EE60A0829}.Release|Any CPU.Build.0 = Release|Any CPU
	EndGlobalSection
	GlobalSection(SolutionProperties) = preSolution
		HideSolutionNode = FALSE
	EndGlobalSection
	GlobalSection(ExtensibilityGlobals) = postSolution
		SolutionGuid = {F7E2F33B-961C-4D17-9490-4E2A00E1ED67}
	EndGlobalSection
EndGlobal
